
Microsoft Visual Studio Solution File, Format Version 12.00
# Visual Studio Version 17
VisualStudioVersion = 17.1.32319.34
MinimumVisualStudioVersion = 10.0.40219.1
Project("{FAE04EC0-301F-11D3-BF4B-00C04F79EFBC}") = "Homework0702", "Homework0702\Homework0702\Homework0702.csproj", "{EF60468B-31EE-40B4-B753-73172F5390F3}"
EndProject
Project("{FAE04EC0-301F-11D3-BF4B-00C04F79EFBC}") = "Homework0702.Android", "Homework0702\Homework0702.Android\Homework0702.Android.csproj", "{2E955248-2071-41CC-920E-DEAC6309B96A}"
EndProject
Project("{FAE04EC0-301F-11D3-BF4B-00C04F79EFBC}") = "Homework0702.iOS", "Homework0702\Homework0702.iOS\Homework0702.iOS.csproj", "{2B547CAC-5102-45EA-928D-CCCE3AEBE321}"
EndProject
Global
	GlobalSection(SolutionConfigurationPlatforms) = preSolution
		Ad-Hoc|Any CPU = Ad-Hoc|Any CPU
		Ad-Hoc|iPhone = Ad-Hoc|iPhone
		Ad-Hoc|iPhoneSimulator = Ad-Hoc|iPhoneSimulator
		AppStore|Any CPU = AppStore|Any CPU
		AppStore|iPhone = AppStore|iPhone
		AppStore|iPhoneSimulator = AppStore|iPhoneSimulator
		Debug|Any CPU = Debug|Any CPU
		Debug|iPhone = Debug|iPhone
		Debug|iPhoneSimulator = Debug|iPhoneSimulator
		Release|Any CPU = Release|Any CPU
		Release|iPhone = Release|iPhone
		Release|iPhoneSimulator = Release|iPhoneSimulator
	EndGlobalSection
	GlobalSection(ProjectConfigurationPlatforms) = postSolution
		{EF60468B-31EE-40B4-B753-73172F5390F3}.Ad-Hoc|Any CPU.ActiveCfg = Debug|Any CPU
		{EF60468B-31EE-40B4-B753-73172F5390F3}.Ad-Hoc|Any CPU.Build.0 = Debug|Any CPU
		{EF60468B-31EE-40B4-B753-73172F5390F3}.Ad-Hoc|iPhone.ActiveCfg = Debug|Any CPU
		{EF60468B-31EE-40B4-B753-73172F5390F3}.Ad-Hoc|iPhone.Build.0 = Debug|Any CPU
		{EF60468B-31EE-40B4-B753-73172F5390F3}.Ad-Hoc|iPhoneSimulator.ActiveCfg = Debug|Any CPU
		{EF60468B-31EE-40B4-B753-73172F5390F3}.Ad-Hoc|iPhoneSimulator.Build.0 = Debug|Any CPU
		{EF60468B-31EE-40B4-B753-73172F5390F3}.AppStore|Any CPU.ActiveCfg = Debug|Any CPU
		{EF60468B-31EE-40B4-B753-73172F5390F3}.AppStore|Any CPU.Build.0 = Debug|Any CPU
		{EF60468B-31EE-40B4-B753-73172F5390F3}.AppStore|iPhone.ActiveCfg = Debug|Any CPU
		{EF60468B-31EE-40B4-B753-73172F5390F3}.AppStore|iPhone.Build.0 = Debug|Any CPU
		{EF60468B-31EE-40B4-B753-73172F5390F3}.AppStore|iPhoneSimulator.ActiveCfg = Debug|Any CPU
		{EF60468B-31EE-40B4-B753-73172F5390F3}.AppStore|iPhoneSimulator.Build.0 = Debug|Any CPU
		{EF60468B-31EE-40B4-B753-73172F5390F3}.Debug|Any CPU.ActiveCfg = Debug|Any CPU
		{EF60468B-31EE-40B4-B753-73172F5390F3}.Debug|Any CPU.Build.0 = Debug|Any CPU
		{EF60468B-31EE-40B4-B753-73172F5390F3}.Debug|iPhone.ActiveCfg = Debug|Any CPU
		{EF60468B-31EE-40B4-B753-73172F5390F3}.Debug|iPhone.Build.0 = Debug|Any CPU
		{EF60468B-31EE-40B4-B753-73172F5390F3}.Debug|iPhoneSimulator.ActiveCfg = Debug|Any CPU
		{EF60468B-31EE-40B4-B753-73172F5390F3}.Debug|iPhoneSimulator.Build.0 = Debug|Any CPU
		{EF60468B-31EE-40B4-B753-73172F5390F3}.Release|Any CPU.ActiveCfg = Release|Any CPU
		{EF60468B-31EE-40B4-B753-73172F5390F3}.Release|Any CPU.Build.0 = Release|Any CPU
		{EF60468B-31EE-40B4-B753-73172F5390F3}.Release|iPhone.ActiveCfg = Release|Any CPU
		{EF60468B-31EE-40B4-B753-73172F5390F3}.Release|iPhone.Build.0 = Release|Any CPU
		{EF60468B-31EE-40B4-B753-73172F5390F3}.Release|iPhoneSimulator.ActiveCfg = Release|Any CPU
		{EF60468B-31EE-40B4-B753-73172F5390F3}.Release|iPhoneSimulator.Build.0 = Release|Any CPU
		{2E955248-2071-41CC-920E-DEAC6309B96A}.Ad-Hoc|Any CPU.ActiveCfg = Debug|Any CPU
		{2E955248-2071-41CC-920E-DEAC6309B96A}.Ad-Hoc|Any CPU.Build.0 = Debug|Any CPU
		{2E955248-2071-41CC-920E-DEAC6309B96A}.Ad-Hoc|Any CPU.Deploy.0 = Debug|Any CPU
		{2E955248-2071-41CC-920E-DEAC6309B96A}.Ad-Hoc|iPhone.ActiveCfg = Debug|Any CPU
		{2E955248-2071-41CC-920E-DEAC6309B96A}.Ad-Hoc|iPhone.Build.0 = Debug|Any CPU
		{2E955248-2071-41CC-920E-DEAC6309B96A}.Ad-Hoc|iPhone.Deploy.0 = Debug|Any CPU
		{2E955248-2071-41CC-920E-DEAC6309B96A}.Ad-Hoc|iPhoneSimulator.ActiveCfg = Debug|Any CPU
		{2E955248-2071-41CC-920E-DEAC6309B96A}.Ad-Hoc|iPhoneSimulator.Build.0 = Debug|Any CPU
		{2E955248-2071-41CC-920E-DEAC6309B96A}.Ad-Hoc|iPhoneSimulator.Deploy.0 = Debug|Any CPU
		{2E955248-2071-41CC-920E-DEAC6309B96A}.AppStore|Any CPU.ActiveCfg = Debug|Any CPU
		{2E955248-2071-41CC-920E-DEAC6309B96A}.AppStore|Any CPU.Build.0 = Debug|Any CPU
		{2E955248-2071-41CC-920E-DEAC6309B96A}.AppStore|Any CPU.Deploy.0 = Debug|Any CPU
		{2E955248-2071-41CC-920E-DEAC6309B96A}.AppStore|iPhone.ActiveCfg = Debug|Any CPU
		{2E955248-2071-41CC-920E-DEAC6309B96A}.AppStore|iPhone.Build.0 = Debug|Any CPU
		{2E955248-2071-41CC-920E-DEAC6309B96A}.AppStore|iPhone.Deploy.0 = Debug|Any CPU
		{2E955248-2071-41CC-920E-DEAC6309B96A}.AppStore|iPhoneSimulator.ActiveCfg = Debug|Any CPU
		{2E955248-2071-41CC-920E-DEAC6309B96A}.AppStore|iPhoneSimulator.Build.0 = Debug|Any CPU
		{2E955248-2071-41CC-920E-DEAC6309B96A}.AppStore|iPhoneSimulator.Deploy.0 = Debug|Any CPU
		{2E955248-2071-41CC-920E-DEAC6309B96A}.Debug|Any CPU.ActiveCfg = Debug|Any CPU
		{2E955248-2071-41CC-920E-DEAC6309B96A}.Debug|Any CPU.Build.0 = Debug|Any CPU
		{2E955248-2071-41CC-920E-DEAC6309B96A}.Debug|Any CPU.Deploy.0 = Debug|Any CPU
		{2E955248-2071-41CC-920E-DEAC6309B96A}.Debug|iPhone.ActiveCfg = Debug|Any CPU
		{2E955248-2071-41CC-920E-DEAC6309B96A}.Debug|iPhone.Build.0 = Debug|Any CPU
		{2E955248-2071-41CC-920E-DEAC6309B96A}.Debug|iPhone.Deploy.0 = Debug|Any CPU
		{2E955248-2071-41CC-920E-DEAC6309B96A}.Debug|iPhoneSimulator.ActiveCfg = Debug|Any CPU
		{2E955248-2071-41CC-920E-DEAC6309B96A}.Debug|iPhoneSimulator.Build.0 = Debug|Any CPU
		{2E955248-2071-41CC-920E-DEAC6309B96A}.Debug|iPhoneSimulator.Deploy.0 = Debug|Any CPU
		{2E955248-2071-41CC-920E-DEAC6309B96A}.Release|Any CPU.ActiveCfg = Release|Any CPU
		{2E955248-2071-41CC-920E-DEAC6309B96A}.Release|Any CPU.Build.0 = Release|Any CPU
		{2E955248-2071-41CC-920E-DEAC6309B96A}.Release|Any CPU.Deploy.0 = Release|Any CPU
		{2E955248-2071-41CC-920E-DEAC6309B96A}.Release|iPhone.ActiveCfg = Release|Any CPU
		{2E955248-2071-41CC-920E-DEAC6309B96A}.Release|iPhone.Build.0 = Release|Any CPU
		{2E955248-2071-41CC-920E-DEAC6309B96A}.Release|iPhone.Deploy.0 = Release|Any CPU
		{2E955248-2071-41CC-920E-DEAC6309B96A}.Release|iPhoneSimulator.ActiveCfg = Release|Any CPU
		{2E955248-2071-41CC-920E-DEAC6309B96A}.Release|iPhoneSimulator.Build.0 = Release|Any CPU
		{2E955248-2071-41CC-920E-DEAC6309B96A}.Release|iPhoneSimulator.Deploy.0 = Release|Any CPU
		{2B547CAC-5102-45EA-928D-CCCE3AEBE321}.Ad-Hoc|Any CPU.ActiveCfg = Ad-Hoc|iPhoneSimulator
		{2B547CAC-5102-45EA-928D-CCCE3AEBE321}.Ad-Hoc|Any CPU.Build.0 = Ad-Hoc|iPhoneSimulator
		{2B547CAC-5102-45EA-928D-CCCE3AEBE321}.Ad-Hoc|iPhone.ActiveCfg = Ad-Hoc|iPhone
		{2B547CAC-5102-45EA-928D-CCCE3AEBE321}.Ad-Hoc|iPhone.Build.0 = Ad-Hoc|iPhone
		{2B547CAC-5102-45EA-928D-CCCE3AEBE321}.Ad-Hoc|iPhoneSimulator.ActiveCfg = Ad-Hoc|iPhoneSimulator
		{2B547CAC-5102-45EA-928D-CCCE3AEBE321}.Ad-Hoc|iPhoneSimulator.Build.0 = Ad-Hoc|iPhoneSimulator
		{2B547CAC-5102-45EA-928D-CCCE3AEBE321}.AppStore|Any CPU.ActiveCfg = AppStore|iPhoneSimulator
		{2B547CAC-5102-45EA-928D-CCCE3AEBE321}.AppStore|Any CPU.Build.0 = AppStore|iPhoneSimulator
		{2B547CAC-5102-45EA-928D-CCCE3AEBE321}.AppStore|iPhone.ActiveCfg = AppStore|iPhone
		{2B547CAC-5102-45EA-928D-CCCE3AEBE321}.AppStore|iPhone.Build.0 = AppStore|iPhone
		{2B547CAC-5102-45EA-928D-CCCE3AEBE321}.AppStore|iPhoneSimulator.ActiveCfg = AppStore|iPhoneSimulator
		{2B547CAC-5102-45EA-928D-CCCE3AEBE321}.AppStore|iPhoneSimulator.Build.0 = AppStore|iPhoneSimulator
		{2B547CAC-5102-45EA-928D-CCCE3AEBE321}.Debug|Any CPU.ActiveCfg = Debug|iPhoneSimulator
		{2B547CAC-5102-45EA-928D-CCCE3AEBE321}.Debug|Any CPU.Build.0 = Debug|iPhoneSimulator
		{2B547CAC-5102-45EA-928D-CCCE3AEBE321}.Debug|iPhone.ActiveCfg = Debug|iPhone
		{2B547CAC-5102-45EA-928D-CCCE3AEBE321}.Debug|iPhone.Build.0 = Debug|iPhone
		{2B547CAC-5102-45EA-928D-CCCE3AEBE321}.Debug|iPhoneSimulator.ActiveCfg = Debug|iPhoneSimulator
		{2B547CAC-5102-45EA-928D-CCCE3AEBE321}.Debug|iPhoneSimulator.Build.0 = Debug|iPhoneSimulator
		{2B547CAC-5102-45EA-928D-CCCE3AEBE321}.Release|Any CPU.ActiveCfg = Release|iPhoneSimulator
		{2B547CAC-5102-45EA-928D-CCCE3AEBE321}.Release|Any CPU.Build.0 = Release|iPhoneSimulator
		{2B547CAC-5102-45EA-928D-CCCE3AEBE321}.Release|iPhone.ActiveCfg = Release|iPhone
		{2B547CAC-5102-45EA-928D-CCCE3AEBE321}.Release|iPhone.Build.0 = Release|iPhone
		{2B547CAC-5102-45EA-928D-CCCE3AEBE321}.Release|iPhoneSimulator.ActiveCfg = Release|iPhoneSimulator
		{2B547CAC-5102-45EA-928D-CCCE3AEBE321}.Release|iPhoneSimulator.Build.0 = Release|iPhoneSimulator
	EndGlobalSection
	GlobalSection(SolutionProperties) = preSolution
		HideSolutionNode = FALSE
	EndGlobalSection
	GlobalSection(ExtensibilityGlobals) = postSolution
		SolutionGuid = {34B7EC01-502A-4E9F-A8AE-2FD920FB6DEF}
	EndGlobalSection
EndGlobal
